// !$*UTF8*$!
{
	archiveVersion = 1;
	classes = {
	};
	objectVersion = 46;
	objects = {

/* Begin PBXBuildFile section */
		8D6440841E0AB45D008E6730 /* main.m in Sources */ = {isa = PBXBuildFile; fileRef = 8D6440831E0AB45D008E6730 /* main.m */; };
		8D6440871E0AB45D008E6730 /* AppDelegate.m in Sources */ = {isa = PBXBuildFile; fileRef = 8D6440861E0AB45D008E6730 /* AppDelegate.m */; };
		8D64408A1E0AB45D008E6730 /* FirstViewController.m in Sources */ = {isa = PBXBuildFile; fileRef = 8D6440891E0AB45D008E6730 /* FirstViewController.m */; };
		8D64408D1E0AB45D008E6730 /* SecondViewController.m in Sources */ = {isa = PBXBuildFile; fileRef = 8D64408C1E0AB45D008E6730 /* SecondViewController.m */; };
		8D6440901E0AB45E008E6730 /* Main.storyboard in Resources */ = {isa = PBXBuildFile; fileRef = 8D64408E1E0AB45E008E6730 /* Main.storyboard */; };
		8D6440921E0AB45E008E6730 /* Assets.xcassets in Resources */ = {isa = PBXBuildFile; fileRef = 8D6440911E0AB45E008E6730 /* Assets.xcassets */; };
		8D6440951E0AB45E008E6730 /* LaunchScreen.storyboard in Resources */ = {isa = PBXBuildFile; fileRef = 8D6440931E0AB45E008E6730 /* LaunchScreen.storyboard */; };
		8D6440A01E0AB45E008E6730 /* MyTabBarApplicationTests.m in Sources */ = {isa = PBXBuildFile; fileRef = 8D64409F1E0AB45E008E6730 /* MyTabBarApplicationTests.m */; };
		8D6440AB1E0AB45E008E6730 /* MyTabBarApplicationUITests.m in Sources */ = {isa = PBXBuildFile; fileRef = 8D6440AA1E0AB45E008E6730 /* MyTabBarApplicationUITests.m */; };
		8D6440BA1E0AB5B9008E6730 /* MyTableViewController.m in Sources */ = {isa = PBXBuildFile; fileRef = 8D6440B91E0AB5B9008E6730 /* MyTableViewController.m */; };
/* End PBXBuildFile section */

/* Begin PBXContainerItemProxy section */
		8D64409C1E0AB45E008E6730 /* PBXContainerItemProxy */ = {
			isa = PBXContainerItemProxy;
			containerPortal = 8D6440771E0AB45D008E6730 /* Project object */;
			proxyType = 1;
			remoteGlobalIDString = 8D64407E1E0AB45D008E6730;
			remoteInfo = MyTabBarApplication;
		};
		8D6440A71E0AB45E008E6730 /* PBXContainerItemProxy */ = {
			isa = PBXContainerItemProxy;
			containerPortal = 8D6440771E0AB45D008E6730 /* Project object */;
			proxyType = 1;
			remoteGlobalIDString = 8D64407E1E0AB45D008E6730;
			remoteInfo = MyTabBarApplication;
		};
/* End PBXContainerItemProxy section */

/* Begin PBXFileReference section */
		8D64407F1E0AB45D008E6730 /* MyTabBarApplication.app */ = {isa = PBXFileReference; explicitFileType = wrapper.application; includeInIndex = 0; path = MyTabBarApplication.app; sourceTree = BUILT_PRODUCTS_DIR; };
		8D6440831E0AB45D008E6730 /* main.m */ = {isa = PBXFileReference; lastKnownFileType = sourcecode.c.objc; path = main.m; sourceTree = "<group>"; };
		8D6440851E0AB45D008E6730 /* AppDelegate.h */ = {isa = PBXFileReference; lastKnownFileType = sourcecode.c.h; path = AppDelegate.h; sourceTree = "<group>"; };
		8D6440861E0AB45D008E6730 /* AppDelegate.m */ = {isa = PBXFileReference; lastKnownFileType = sourcecode.c.objc; path = AppDelegate.m; sourceTree = "<group>"; };
		8D6440881E0AB45D008E6730 /* FirstViewController.h */ = {isa = PBXFileReference; lastKnownFileType = sourcecode.c.h; path = FirstViewController.h; sourceTree = "<group>"; };
		8D6440891E0AB45D008E6730 /* FirstViewController.m */ = {isa = PBXFileReference; lastKnownFileType = sourcecode.c.objc; path = FirstViewController.m; sourceTree = "<group>"; };
		8D64408B1E0AB45D008E6730 /* SecondViewController.h */ = {isa = PBXFileReference; lastKnownFileType = sourcecode.c.h; path = SecondViewController.h; sourceTree = "<group>"; };
		8D64408C1E0AB45D008E6730 /* SecondViewController.m */ = {isa = PBXFileReference; lastKnownFileType = sourcecode.c.objc; path = SecondViewController.m; sourceTree = "<group>"; };
		8D64408F1E0AB45E008E6730 /* Base */ = {isa = PBXFileReference; lastKnownFileType = file.storyboard; name = Base; path = Base.lproj/Main.storyboard; sourceTree = "<group>"; };
		8D6440911E0AB45E008E6730 /* Assets.xcassets */ = {isa = PBXFileReference; lastKnownFileType = folder.assetcatalog; path = Assets.xcassets; sourceTree = "<group>"; };
		8D6440941E0AB45E008E6730 /* Base */ = {isa = PBXFileReference; lastKnownFileType = file.storyboard; name = Base; path = Base.lproj/LaunchScreen.storyboard; sourceTree = "<group>"; };
		8D6440961E0AB45E008E6730 /* Info.plist */ = {isa = PBXFileReference; lastKnownFileType = text.plist.xml; path = Info.plist; sourceTree = "<group>"; };
		8D64409B1E0AB45E008E6730 /* MyTabBarApplicationTests.xctest */ = {isa = PBXFileReference; explicitFileType = wrapper.cfbundle; includeInIndex = 0; path = MyTabBarApplicationTests.xctest; sourceTree = BUILT_PRODUCTS_DIR; };
		8D64409F1E0AB45E008E6730 /* MyTabBarApplicationTests.m */ = {isa = PBXFileReference; lastKnownFileType = sourcecode.c.objc; path = MyTabBarApplicationTests.m; sourceTree = "<group>"; };
		8D6440A11E0AB45E008E6730 /* Info.plist */ = {isa = PBXFileReference; lastKnownFileType = text.plist.xml; path = Info.plist; sourceTree = "<group>"; };
		8D6440A61E0AB45E008E6730 /* MyTabBarApplicationUITests.xctest */ = {isa = PBXFileReference; explicitFileType = wrapper.cfbundle; includeInIndex = 0; path = MyTabBarApplicationUITests.xctest; sourceTree = BUILT_PRODUCTS_DIR; };
		8D6440AA1E0AB45E008E6730 /* MyTabBarApplicationUITests.m */ = {isa = PBXFileReference; lastKnownFileType = sourcecode.c.objc; path = MyTabBarApplicationUITests.m; sourceTree = "<group>"; };
		8D6440AC1E0AB45E008E6730 /* Info.plist */ = {isa = PBXFileReference; lastKnownFileType = text.plist.xml; path = Info.plist; sourceTree = "<group>"; };
		8D6440B81E0AB5B9008E6730 /* MyTableViewController.h */ = {isa = PBXFileReference; fileEncoding = 4; lastKnownFileType = sourcecode.c.h; path = MyTableViewController.h; sourceTree = "<group>"; };
		8D6440B91E0AB5B9008E6730 /* MyTableViewController.m */ = {isa = PBXFileReference; fileEncoding = 4; lastKnownFileType = sourcecode.c.objc; path = MyTableViewController.m; sourceTree = "<group>"; };
/* End PBXFileReference section */

/* Begin PBXFrameworksBuildPhase section */
		8D64407C1E0AB45D008E6730 /* Frameworks */ = {
			isa = PBXFrameworksBuildPhase;
			buildActionMask = 2147483647;
			files = (
			);
			runOnlyForDeploymentPostprocessing = 0;
		};
		8D6440981E0AB45E008E6730 /* Frameworks */ = {
			isa = PBXFrameworksBuildPhase;
			buildActionMask = 2147483647;
			files = (
			);
			runOnlyForDeploymentPostprocessing = 0;
		};
		8D6440A31E0AB45E008E6730 /* Frameworks */ = {
			isa = PBXFrameworksBuildPhase;
			buildActionMask = 2147483647;
			files = (
			);
			runOnlyForDeploymentPostprocessing = 0;
		};
/* End PBXFrameworksBuildPhase section */

/* Begin PBXGroup section */
		8D6440761E0AB45D008E6730 = {
			isa = PBXGroup;
			children = (
				8D6440811E0AB45D008E6730 /* MyTabBarApplication */,
				8D64409E1E0AB45E008E6730 /* MyTabBarApplicationTests */,
				8D6440A91E0AB45E008E6730 /* MyTabBarApplicationUITests */,
				8D6440801E0AB45D008E6730 /* Products */,
			);
			sourceTree = "<group>";
		};
		8D6440801E0AB45D008E6730 /* Products */ = {
			isa = PBXGroup;
			children = (
				8D64407F1E0AB45D008E6730 /* MyTabBarApplication.app */,
				8D64409B1E0AB45E008E6730 /* MyTabBarApplicationTests.xctest */,
				8D6440A61E0AB45E008E6730 /* MyTabBarApplicationUITests.xctest */,
			);
			name = Products;
			sourceTree = "<group>";
		};
		8D6440811E0AB45D008E6730 /* MyTabBarApplication */ = {
			isa = PBXGroup;
			children = (
				8D6440851E0AB45D008E6730 /* AppDelegate.h */,
				8D6440861E0AB45D008E6730 /* AppDelegate.m */,
				8D6440881E0AB45D008E6730 /* FirstViewController.h */,
				8D6440891E0AB45D008E6730 /* FirstViewController.m */,
				8D64408B1E0AB45D008E6730 /* SecondViewController.h */,
				8D64408C1E0AB45D008E6730 /* SecondViewController.m */,
				8D64408E1E0AB45E008E6730 /* Main.storyboard */,
				8D6440B81E0AB5B9008E6730 /* MyTableViewController.h */,
				8D6440B91E0AB5B9008E6730 /* MyTableViewController.m */,
				8D6440911E0AB45E008E6730 /* Assets.xcassets */,
				8D6440931E0AB45E008E6730 /* LaunchScreen.storyboard */,
				8D6440961E0AB45E008E6730 /* Info.plist */,
				8D6440821E0AB45D008E6730 /* Supporting Files */,
			);
			path = MyTabBarApplication;
			sourceTree = "<group>";
		};
		8D6440821E0AB45D008E6730 /* Supporting Files */ = {
			isa = PBXGroup;
			children = (
				8D6440831E0AB45D008E6730 /* main.m */,
			);
			name = "Supporting Files";
			sourceTree = "<group>";
		};
		8D64409E1E0AB45E008E6730 /* MyTabBarApplicationTests */ = {
			isa = PBXGroup;
			children = (
				8D64409F1E0AB45E008E6730 /* MyTabBarApplicationTests.m */,
				8D6440A11E0AB45E008E6730 /* Info.plist */,
			);
			path = MyTabBarApplicationTests;
			sourceTree = "<group>";
		};
		8D6440A91E0AB45E008E6730 /* MyTabBarApplicationUITests */ = {
			isa = PBXGroup;
			children = (
				8D6440AA1E0AB45E008E6730 /* MyTabBarApplicationUITests.m */,
				8D6440AC1E0AB45E008E6730 /* Info.plist */,
			);
			path = MyTabBarApplicationUITests;
			sourceTree = "<group>";
		};
/* End PBXGroup section */

/* Begin PBXNativeTarget section */
		8D64407E1E0AB45D008E6730 /* MyTabBarApplication */ = {
			isa = PBXNativeTarget;
			buildConfigurationList = 8D6440AF1E0AB45E008E6730 /* Build configuration list for PBXNativeTarget "MyTabBarApplication" */;
			buildPhases = (
				8D64407B1E0AB45D008E6730 /* Sources */,
				8D64407C1E0AB45D008E6730 /* Frameworks */,
				8D64407D1E0AB45D008E6730 /* Resources */,
			);
			buildRules = (
			);
			dependencies = (
			);
			name = MyTabBarApplication;
			productName = MyTabBarApplication;
			productReference = 8D64407F1E0AB45D008E6730 /* MyTabBarApplication.app */;
			productType = "com.apple.product-type.application";
		};
		8D64409A1E0AB45E008E6730 /* MyTabBarApplicationTests */ = {
			isa = PBXNativeTarget;
			buildConfigurationList = 8D6440B21E0AB45E008E6730 /* Build configuration list for PBXNativeTarget "MyTabBarApplicationTests" */;
			buildPhases = (
				8D6440971E0AB45E008E6730 /* Sources */,
				8D6440981E0AB45E008E6730 /* Frameworks */,
				8D6440991E0AB45E008E6730 /* Resources */,
			);
			buildRules = (
			);
			dependencies = (
				8D64409D1E0AB45E008E6730 /* PBXTargetDependency */,
			);
			name = MyTabBarApplicationTests;
			productName = MyTabBarApplicationTests;
			productReference = 8D64409B1E0AB45E008E6730 /* MyTabBarApplicationTests.xctest */;
			productType = "com.apple.product-type.bundle.unit-test";
		};
		8D6440A51E0AB45E008E6730 /* MyTabBarApplicationUITests */ = {
			isa = PBXNativeTarget;
			buildConfigurationList = 8D6440B51E0AB45E008E6730 /* Build configuration list for PBXNativeTarget "MyTabBarApplicationUITests" */;
			buildPhases = (
				8D6440A21E0AB45E008E6730 /* Sources */,
				8D6440A31E0AB45E008E6730 /* Frameworks */,
				8D6440A41E0AB45E008E6730 /* Resources */,
			);
			buildRules = (
			);
			dependencies = (
				8D6440A81E0AB45E008E6730 /* PBXTargetDependency */,
			);
			name = MyTabBarApplicationUITests;
			productName = MyTabBarApplicationUITests;
			productReference = 8D6440A61E0AB45E008E6730 /* MyTabBarApplicationUITests.xctest */;
			productType = "com.apple.product-type.bundle.ui-testing";
		};
/* End PBXNativeTarget section */

/* Begin PBXProject section */
		8D6440771E0AB45D008E6730 /* Project object */ = {
			isa = PBXProject;
			attributes = {
				LastUpgradeCheck = 0810;
				ORGANIZATIONNAME = "Nexge Technologies";
				TargetAttributes = {
					8D64407E1E0AB45D008E6730 = {
						CreatedOnToolsVersion = 8.1;
						DevelopmentTeam = H2N29426S9;
						ProvisioningStyle = Automatic;
					};
					8D64409A1E0AB45E008E6730 = {
						CreatedOnToolsVersion = 8.1;
						DevelopmentTeam = H2N29426S9;
						ProvisioningStyle = Automatic;
						TestTargetID = 8D64407E1E0AB45D008E6730;
					};
					8D6440A51E0AB45E008E6730 = {
						CreatedOnToolsVersion = 8.1;
						DevelopmentTeam = H2N29426S9;
						ProvisioningStyle = Automatic;
						TestTargetID = 8D64407E1E0AB45D008E6730;
					};
				};
			};
			buildConfigurationList = 8D64407A1E0AB45D008E6730 /* Build configuration list for PBXProject "MyTabBarApplication" */;
			compatibilityVersion = "Xcode 3.2";
			developmentRegion = English;
			hasScannedForEncodings = 0;
			knownRegions = (
				en,
				Base,
			);
			mainGroup = 8D6440761E0AB45D008E6730;
			productRefGroup = 8D6440801E0AB45D008E6730 /* Products */;
			projectDirPath = "";
			projectRoot = "";
			targets = (
				8D64407E1E0AB45D008E6730 /* MyTabBarApplication */,
				8D64409A1E0AB45E008E6730 /* MyTabBarApplicationTests */,
				8D6440A51E0AB45E008E6730 /* MyTabBarApplicationUITests */,
			);
		};
/* End PBXProject section */

/* Begin PBXResourcesBuildPhase section */
		8D64407D1E0AB45D008E6730 /* Resources */ = {
			isa = PBXResourcesBuildPhase;
			buildActionMask = 2147483647;
			files = (
				8D6440951E0AB45E008E6730 /* LaunchScreen.storyboard in Resources */,
				8D6440921E0AB45E008E6730 /* Assets.xcassets in Resources */,
				8D6440901E0AB45E008E6730 /* Main.storyboard in Resources */,
			);
			runOnlyForDeploymentPostprocessing = 0;
		};
		8D6440991E0AB45E008E6730 /* Resources */ = {
			isa = PBXResourcesBuildPhase;
			buildActionMask = 2147483647;
			files = (
			);
			runOnlyForDeploymentPostprocessing = 0;
		};
		8D6440A41E0AB45E008E6730 /* Resources */ = {
			isa = PBXResourcesBuildPhase;
			buildActionMask = 2147483647;
			files = (
			);
			runOnlyForDeploymentPostprocessing = 0;
		};
/* End PBXResourcesBuildPhase section */

/* Begin PBXSourcesBuildPhase section */
		8D64407B1E0AB45D008E6730 /* Sources */ = {
			isa = PBXSourcesBuildPhase;
			buildActionMask = 2147483647;
			files = (
				8D64408D1E0AB45D008E6730 /* SecondViewController.m in Sources */,
				8D6440BA1E0AB5B9008E6730 /* MyTableViewController.m in Sources */,
				8D6440871E0AB45D008E6730 /* AppDelegate.m in Sources */,
				8D64408A1E0AB45D008E6730 /* FirstViewController.m in Sources */,
				8D6440841E0AB45D008E6730 /* main.m in Sources */,
			);
			runOnlyForDeploymentPostprocessing = 0;
		};
		8D6440971E0AB45E008E6730 /* Sources */ = {
			isa = PBXSourcesBuildPhase;
			buildActionMask = 2147483647;
			files = (
				8D6440A01E0AB45E008E6730 /* MyTabBarApplicationTests.m in Sources */,
			);
			runOnlyForDeploymentPostprocessing = 0;
		};
		8D6440A21E0AB45E008E6730 /* Sources */ = {
			isa = PBXSourcesBuildPhase;
			buildActionMask = 2147483647;
			files = (
				8D6440AB1E0AB45E008E6730 /* MyTabBarApplicationUITests.m in Sources */,
			);
			runOnlyForDeploymentPostprocessing = 0;
		};
/* End PBXSourcesBuildPhase section */

/* Begin PBXTargetDependency section */
		8D64409D1E0AB45E008E6730 /* PBXTargetDependency */ = {
			isa = PBXTargetDependency;
			target = 8D64407E1E0AB45D008E6730 /* MyTabBarApplication */;
			targetProxy = 8D64409C1E0AB45E008E6730 /* PBXContainerItemProxy */;
		};
		8D6440A81E0AB45E008E6730 /* PBXTargetDependency */ = {
			isa = PBXTargetDependency;
			target = 8D64407E1E0AB45D008E6730 /* MyTabBarApplication */;
			targetProxy = 8D6440A71E0AB45E008E6730 /* PBXContainerItemProxy */;
		};
/* End PBXTargetDependency section */

/* Begin PBXVariantGroup section */
		8D64408E1E0AB45E008E6730 /* Main.storyboard */ = {
			isa = PBXVariantGroup;
			children = (
				8D64408F1E0AB45E008E6730 /* Base */,
			);
			name = Main.storyboard;
			sourceTree = "<group>";
		};
		8D6440931E0AB45E008E6730 /* LaunchScreen.storyboard */ = {
			isa = PBXVariantGroup;
			children = (
				8D6440941E0AB45E008E6730 /* Base */,
			);
			name = LaunchScreen.storyboard;
			sourceTree = "<group>";
		};
/* End PBXVariantGroup section */

/* Begin XCBuildConfiguration section */
		8D6440AD1E0AB45E008E6730 /* Debug */ = {
			isa = XCBuildConfiguration;
			buildSettings = {
				ALWAYS_SEARCH_USER_PATHS = NO;
				CLANG_ANALYZER_NONNULL = YES;
				CLANG_CXX_LANGUAGE_STANDARD = "gnu++0x";
				CLANG_CXX_LIBRARY = "libc++";
				CLANG_ENABLE_MODULES = YES;
				CLANG_ENABLE_OBJC_ARC = YES;
				CLANG_WARN_BOOL_CONVERSION = YES;
				CLANG_WARN_CONSTANT_CONVERSION = YES;
				CLANG_WARN_DIRECT_OBJC_ISA_USAGE = YES_ERROR;
				CLANG_WARN_DOCUMENTATION_COMMENTS = YES;
				CLANG_WARN_EMPTY_BODY = YES;
				CLANG_WARN_ENUM_CONVERSION = YES;
				CLANG_WARN_INFINITE_RECURSION = YES;
				CLANG_WARN_INT_CONVERSION = YES;
				CLANG_WARN_OBJC_ROOT_CLASS = YES_ERROR;
				CLANG_WARN_SUSPICIOUS_MOVES = YES;
				CLANG_WARN_UNREACHABLE_CODE = YES;
				CLANG_WARN__DUPLICATE_METHOD_MATCH = YES;
				"CODE_SIGN_IDENTITY[sdk=iphoneos*]" = "iPhone Developer";
				COPY_PHASE_STRIP = NO;
				DEBUG_INFORMATION_FORMAT = dwarf;
				ENABLE_STRICT_OBJC_MSGSEND = YES;
				ENABLE_TESTABILITY = YES;
				GCC_C_LANGUAGE_STANDARD = gnu99;
				GCC_DYNAMIC_NO_PIC = NO;
				GCC_NO_COMMON_BLOCKS = YES;
				GCC_OPTIMIZATION_LEVEL = 0;
				GCC_PREPROCESSOR_DEFINITIONS = (
					"DEBUG=1",
					"$(inherited)",
				);
				GCC_WARN_64_TO_32_BIT_CONVERSION = YES;
				GCC_WARN_ABOUT_RETURN_TYPE = YES_ERROR;
				GCC_WARN_UNDECLARED_SELECTOR = YES;
				GCC_WARN_UNINITIALIZED_AUTOS = YES_AGGRESSIVE;
				GCC_WARN_UNUSED_FUNCTION = YES;
				GCC_WARN_UNUSED_VARIABLE = YES;
				IPHONEOS_DEPLOYMENT_TARGET = 10.1;
				MTL_ENABLE_DEBUG_INFO = YES;
				ONLY_ACTIVE_ARCH = YES;
				SDKROOT = iphoneos;
				TARGETED_DEVICE_FAMILY = "1,2";
			};
			name = Debug;
		};
		8D6440AE1E0AB45E008E6730 /* Release */ = {
			isa = XCBuildConfiguration;
			buildSettings = {
				ALWAYS_SEARCH_USER_PATHS = NO;
				CLANG_ANALYZER_NONNULL = YES;
				CLANG_CXX_LANGUAGE_STANDARD = "gnu++0x";
				CLANG_CXX_LIBRARY = "libc++";
				CLANG_ENABLE_MODULES = YES;
				CLANG_ENABLE_OBJC_ARC = YES;
				CLANG_WARN_BOOL_CONVERSION = YES;
				CLANG_WARN_CONSTANT_CONVERSION = YES;
				CLANG_WARN_DIRECT_OBJC_ISA_USAGE = YES_ERROR;
				CLANG_WARN_DOCUMENTATION_COMMENTS = YES;
				CLANG_WARN_EMPTY_BODY = YES;
				CLANG_WARN_ENUM_CONVERSION = YES;
				CLANG_WARN_INFINITE_RECURSION = YES;
				CLANG_WARN_INT_CONVERSION = YES;
				CLANG_WARN_OBJC_ROOT_CLASS = YES_ERROR;
				CLANG_WARN_SUSPICIOUS_MOVES = YES;
				CLANG_WARN_UNREACHABLE_CODE = YES;
				CLANG_WARN__DUPLICATE_METHOD_MATCH = YES;
				"CODE_SIGN_IDENTITY[sdk=iphoneos*]" = "iPhone Developer";
				COPY_PHASE_STRIP = NO;
				DEBUG_INFORMATION_FORMAT = "dwarf-with-dsym";
				ENABLE_NS_ASSERTIONS = NO;
				ENABLE_STRICT_OBJC_MSGSEND = YES;
				GCC_C_LANGUAGE_STANDARD = gnu99;
				GCC_NO_COMMON_BLOCKS = YES;
				GCC_WARN_64_TO_32_BIT_CONVERSION = YES;
				GCC_WARN_ABOUT_RETURN_TYPE = YES_ERROR;
				GCC_WARN_UNDECLARED_SELECTOR = YES;
				GCC_WARN_UNINITIALIZED_AUTOS = YES_AGGRESSIVE;
				GCC_WARN_UNUSED_FUNCTION = YES;
				GCC_WARN_UNUSED_VARIABLE = YES;
				IPHONEOS_DEPLOYMENT_TARGET = 10.1;
				MTL_ENABLE_DEBUG_INFO = NO;
				SDKROOT = iphoneos;
				TARGETED_DEVICE_FAMILY = "1,2";
				VALIDATE_PRODUCT = YES;
			};
			name = Release;
		};
		8D6440B01E0AB45E008E6730 /* Debug */ = {
			isa = XCBuildConfiguration;
			buildSettings = {
				ASSETCATALOG_COMPILER_APPICON_NAME = AppIcon;
				DEVELOPMENT_TEAM = H2N29426S9;
				INFOPLIST_FILE = MyTabBarApplication/Info.plist;
				LD_RUNPATH_SEARCH_PATHS = "$(inherited) @executable_path/Frameworks";
				PRODUCT_BUNDLE_IDENTIFIER = nexge.MyTabBarApplication;
				PRODUCT_NAME = "$(TARGET_NAME)";
			};
			name = Debug;
		};
		8D6440B11E0AB45E008E6730 /* Release */ = {
			isa = XCBuildConfiguration;
			buildSettings = {
				ASSETCATALOG_COMPILER_APPICON_NAME = AppIcon;
				DEVELOPMENT_TEAM = H2N29426S9;
				INFOPLIST_FILE = MyTabBarApplication/Info.plist;
				LD_RUNPATH_SEARCH_PATHS = "$(inherited) @executable_path/Frameworks";
				PRODUCT_BUNDLE_IDENTIFIER = nexge.MyTabBarApplication;
				PRODUCT_NAME = "$(TARGET_NAME)";
			};
			name = Release;
		};
		8D6440B31E0AB45E008E6730 /* Debug */ = {
			isa = XCBuildConfiguration;
			buildSettings = {
				BUNDLE_LOADER = "$(TEST_HOST)";
				DEVELOPMENT_TEAM = H2N29426S9;
				INFOPLIST_FILE = MyTabBarApplicationTests/Info.plist;
				LD_RUNPATH_SEARCH_PATHS = "$(inherited) @executable_path/Frameworks @loader_path/Frameworks";
				PRODUCT_BUNDLE_IDENTIFIER = nexge.MyTabBarApplicationTests;
				PRODUCT_NAME = "$(TARGET_NAME)";
				TEST_HOST = "$(BUILT_PRODUCTS_DIR)/MyTabBarApplication.app/MyTabBarApplication";
			};
			name = Debug;
		};
		8D6440B41E0AB45E008E6730 /* Release */ = {
			isa = XCBuildConfiguration;
			buildSettings = {
				BUNDLE_LOADER = "$(TEST_HOST)";
				DEVELOPMENT_TEAM = H2N29426S9;
				INFOPLIST_FILE = MyTabBarApplicationTests/Info.plist;
				LD_RUNPATH_SEARCH_PATHS = "$(inherited) @executable_path/Frameworks @loader_path/Frameworks";
				PRODUCT_BUNDLE_IDENTIFIER = nexge.MyTabBarApplicationTests;
				PRODUCT_NAME = "$(TARGET_NAME)";
				TEST_HOST = "$(BUILT_PRODUCTS_DIR)/MyTabBarApplication.app/MyTabBarApplication";
			};
			name = Release;
		};
		8D6440B61E0AB45E008E6730 /* Debug */ = {
			isa = XCBuildConfiguration;
			buildSettings = {
				DEVELOPMENT_TEAM = H2N29426S9;
				INFOPLIST_FILE = MyTabBarApplicationUITests/Info.plist;
				LD_RUNPATH_SEARCH_PATHS = "$(inherited) @executable_path/Frameworks @loader_path/Frameworks";
				PRODUCT_BUNDLE_IDENTIFIER = nexge.MyTabBarApplicationUITests;
				PRODUCT_NAME = "$(TARGET_NAME)";
				TEST_TARGET_NAME = MyTabBarApplication;
			};
			name = Debug;
		};
		8D6440B71E0AB45E008E6730 /* Release */ = {
			isa = XCBuildConfiguration;
			buildSettings = {
				DEVELOPMENT_TEAM = H2N29426S9;
				INFOPLIST_FILE = MyTabBarApplicationUITests/Info.plist;
				LD_RUNPATH_SEARCH_PATHS = "$(inherited) @executable_path/Frameworks @loader_path/Frameworks";
				PRODUCT_BUNDLE_IDENTIFIER = nexge.MyTabBarApplicationUITests;
				PRODUCT_NAME = "$(TARGET_NAME)";
				TEST_TARGET_NAME = MyTabBarApplication;
			};
			name = Release;
		};
/* End XCBuildConfiguration section */

/* Begin XCConfigurationList section */
		8D64407A1E0AB45D008E6730 /* Build configuration list for PBXProject "MyTabBarApplication" */ = {
			isa = XCConfigurationList;
			buildConfigurations = (
				8D6440AD1E0AB45E008E6730 /* Debug */,
				8D6440AE1E0AB45E008E6730 /* Release */,
			);
			defaultConfigurationIsVisible = 0;
			defaultConfigurationName = Release;
		};
		8D6440AF1E0AB45E008E6730 /* Build configuration list for PBXNativeTarget "MyTabBarApplication" */ = {
			isa = XCConfigurationList;
			buildConfigurations = (
				8D6440B01E0AB45E008E6730 /* Debug */,
				8D6440B11E0AB45E008E6730 /* Release */,
			);
			defaultConfigurationIsVisible = 0;
		};
		8D6440B21E0AB45E008E6730 /* Build configuration list for PBXNativeTarget "MyTabBarApplicationTests" */ = {
			isa = XCConfigurationList;
			buildConfigurations = (
				8D6440B31E0AB45E008E6730 /* Debug */,
				8D6440B41E0AB45E008E6730 /* Release */,
			);
			defaultConfigurationIsVisible = 0;
		};
		8D6440B51E0AB45E008E6730 /* Build configuration list for PBXNativeTarget "MyTabBarApplicationUITests" */ = {
			isa = XCConfigurationList;
			buildConfigurations = (
				8D6440B61E0AB45E008E6730 /* Debug */,
				8D6440B71E0AB45E008E6730 /* Release */,
			);
			defaultConfigurationIsVisible = 0;
		};
/* End XCConfigurationList section */
	};
	rootObject = 8D6440771E0AB45D008E6730 /* Project object */;
}
